
Microsoft Visual Studio Solution File, Format Version 12.00
# Visual Studio 14
VisualStudioVersion = 14.0.25420.1
MinimumVisualStudioVersion = 10.0.40219.1
Project("{FAE04EC0-301F-11D3-BF4B-00C04F79EFBC}") = "CodingPractice", "CodingPractice\CodingPractice.csproj", "{1EE22C32-9927-4BCC-A9E4-B3CDB067FB44}"
EndProject
Project("{FAE04EC0-301F-11D3-BF4B-00C04F79EFBC}") = "CodingPracticeBrowser", "CodingPracticeBrowser\CodingPracticeBrowser.csproj", "{7910A346-DE0C-4D47-A754-903C99A16AE3}"
EndProject
Global
	GlobalSection(SolutionConfigurationPlatforms) = preSolution
		Debug|Any CPU = Debug|Any CPU
		Release|Any CPU = Release|Any CPU
	EndGlobalSection
	GlobalSection(ProjectConfigurationPlatforms) = postSolution
		{1EE22C32-9927-4BCC-A9E4-B3CDB067FB44}.Debug|Any CPU.ActiveCfg = Debug|Any CPU
		{1EE22C32-9927-4BCC-A9E4-B3CDB067FB44}.Debug|Any CPU.Build.0 = Debug|Any CPU
		{1EE22C32-9927-4BCC-A9E4-B3CDB067FB44}.Release|Any CPU.ActiveCfg = Release|Any CPU
		{1EE22C32-9927-4BCC-A9E4-B3CDB067FB44}.Release|Any CPU.Build.0 = Release|Any CPU
		{7910A346-DE0C-4D47-A754-903C99A16AE3}.Debug|Any CPU.ActiveCfg = Debug|Any CPU
		{7910A346-DE0C-4D47-A754-903C99A16AE3}.Debug|Any CPU.Build.0 = Debug|Any CPU
		{7910A346-DE0C-4D47-A754-903C99A16AE3}.Release|Any CPU.ActiveCfg = Release|Any CPU
		{7910A346-DE0C-4D47-A754-903C99A16AE3}.Release|Any CPU.Build.0 = Release|Any CPU
	EndGlobalSection
	GlobalSection(SolutionProperties) = preSolution
		HideSolutionNode = FALSE
	EndGlobalSection
EndGlobal
